
Microsoft Visual Studio Solution File, Format Version 12.00
# Visual Studio Version 16
VisualStudioVersion = 16.0.29920.165
MinimumVisualStudioVersion = 10.0.40219.1
Project("{FAE04EC0-301F-11D3-BF4B-00C04F79EFBC}") = "JogoDaVelha", "JogoDaVelha\JogoDaVelha.csproj", "{74C1DE19-1871-4402-BFEA-36BB13F9853A}"
EndProject
Global
	GlobalSection(SolutionConfigurationPlatforms) = preSolution
		Debug|Any CPU = Debug|Any CPU
		Release|Any CPU = Release|Any CPU
	EndGlobalSection
	GlobalSection(ProjectConfigurationPlatforms) = postSolution
		{74C1DE19-1871-4402-BFEA-36BB13F9853A}.Debug|Any CPU.ActiveCfg = Debug|Any CPU
		{74C1DE19-1871-4402-BFEA-36BB13F9853A}.Debug|Any CPU.Build.0 = Debug|Any CPU
		{74C1DE19-1871-4402-BFEA-36BB13F9853A}.Release|Any CPU.ActiveCfg = Release|Any CPU
		{74C1DE19-1871-4402-BFEA-36BB13F9853A}.Release|Any CPU.Build.0 = Release|Any CPU
	EndGlobalSection
	GlobalSection(SolutionProperties) = preSolution
		HideSolutionNode = FALSE
	EndGlobalSection
	GlobalSection(ExtensibilityGlobals) = postSolution
		SolutionGuid = {4E6A6CEA-029E-4B4F-9035-27CDF7388B9F}
	EndGlobalSection
EndGlobal
